// !$*UTF8*$!
{
	archiveVersion = 1;
	classes = {
	};
	objectVersion = 46;
	objects = {

/* Begin PBXBuildFile section */
		B6EE786B1D4044E100876C95 /* main.m in Sources */ = {isa = PBXBuildFile; fileRef = B6EE786A1D4044E100876C95 /* main.m */; };
		B6EE786E1D4044E100876C95 /* AppDelegate.m in Sources */ = {isa = PBXBuildFile; fileRef = B6EE786D1D4044E100876C95 /* AppDelegate.m */; };
		B6EE78711D4044E100876C95 /* ViewController.m in Sources */ = {isa = PBXBuildFile; fileRef = B6EE78701D4044E100876C95 /* ViewController.m */; };
		B6EE78741D4044E100876C95 /* Main.storyboard in Resources */ = {isa = PBXBuildFile; fileRef = B6EE78721D4044E100876C95 /* Main.storyboard */; };
		B6EE78761D4044E100876C95 /* Assets.xcassets in Resources */ = {isa = PBXBuildFile; fileRef = B6EE78751D4044E100876C95 /* Assets.xcassets */; };
		B6EE78791D4044E100876C95 /* LaunchScreen.storyboard in Resources */ = {isa = PBXBuildFile; fileRef = B6EE78771D4044E100876C95 /* LaunchScreen.storyboard */; };
		B6EE78841D4044E100876C95 /* Sliders_obj_cTests.m in Sources */ = {isa = PBXBuildFile; fileRef = B6EE78831D4044E100876C95 /* Sliders_obj_cTests.m */; };
		B6EE788F1D4044E100876C95 /* Sliders_obj_cUITests.m in Sources */ = {isa = PBXBuildFile; fileRef = B6EE788E1D4044E100876C95 /* Sliders_obj_cUITests.m */; };
/* End PBXBuildFile section */

/* Begin PBXContainerItemProxy section */
		B6EE78801D4044E100876C95 /* PBXContainerItemProxy */ = {
			isa = PBXContainerItemProxy;
			containerPortal = B6EE785E1D4044E100876C95 /* Project object */;
			proxyType = 1;
			remoteGlobalIDString = B6EE78651D4044E100876C95;
			remoteInfo = "Sliders obj-c";
		};
		B6EE788B1D4044E100876C95 /* PBXContainerItemProxy */ = {
			isa = PBXContainerItemProxy;
			containerPortal = B6EE785E1D4044E100876C95 /* Project object */;
			proxyType = 1;
			remoteGlobalIDString = B6EE78651D4044E100876C95;
			remoteInfo = "Sliders obj-c";
		};
/* End PBXContainerItemProxy section */

/* Begin PBXFileReference section */
		B6EE78661D4044E100876C95 /* Sliders obj-c.app */ = {isa = PBXFileReference; explicitFileType = wrapper.application; includeInIndex = 0; path = "Sliders obj-c.app"; sourceTree = BUILT_PRODUCTS_DIR; };
		B6EE786A1D4044E100876C95 /* main.m */ = {isa = PBXFileReference; lastKnownFileType = sourcecode.c.objc; path = main.m; sourceTree = "<group>"; };
		B6EE786C1D4044E100876C95 /* AppDelegate.h */ = {isa = PBXFileReference; lastKnownFileType = sourcecode.c.h; path = AppDelegate.h; sourceTree = "<group>"; };
		B6EE786D1D4044E100876C95 /* AppDelegate.m */ = {isa = PBXFileReference; lastKnownFileType = sourcecode.c.objc; path = AppDelegate.m; sourceTree = "<group>"; };
		B6EE786F1D4044E100876C95 /* ViewController.h */ = {isa = PBXFileReference; lastKnownFileType = sourcecode.c.h; path = ViewController.h; sourceTree = "<group>"; };
		B6EE78701D4044E100876C95 /* ViewController.m */ = {isa = PBXFileReference; lastKnownFileType = sourcecode.c.objc; path = ViewController.m; sourceTree = "<group>"; };
		B6EE78731D4044E100876C95 /* Base */ = {isa = PBXFileReference; lastKnownFileType = file.storyboard; name = Base; path = Base.lproj/Main.storyboard; sourceTree = "<group>"; };
		B6EE78751D4044E100876C95 /* Assets.xcassets */ = {isa = PBXFileReference; lastKnownFileType = folder.assetcatalog; path = Assets.xcassets; sourceTree = "<group>"; };
		B6EE78781D4044E100876C95 /* Base */ = {isa = PBXFileReference; lastKnownFileType = file.storyboard; name = Base; path = Base.lproj/LaunchScreen.storyboard; sourceTree = "<group>"; };
		B6EE787A1D4044E100876C95 /* Info.plist */ = {isa = PBXFileReference; lastKnownFileType = text.plist.xml; path = Info.plist; sourceTree = "<group>"; };
		B6EE787F1D4044E100876C95 /* Sliders obj-cTests.xctest */ = {isa = PBXFileReference; explicitFileType = wrapper.cfbundle; includeInIndex = 0; path = "Sliders obj-cTests.xctest"; sourceTree = BUILT_PRODUCTS_DIR; };
		B6EE78831D4044E100876C95 /* Sliders_obj_cTests.m */ = {isa = PBXFileReference; lastKnownFileType = sourcecode.c.objc; path = Sliders_obj_cTests.m; sourceTree = "<group>"; };
		B6EE78851D4044E100876C95 /* Info.plist */ = {isa = PBXFileReference; lastKnownFileType = text.plist.xml; path = Info.plist; sourceTree = "<group>"; };
		B6EE788A1D4044E100876C95 /* Sliders obj-cUITests.xctest */ = {isa = PBXFileReference; explicitFileType = wrapper.cfbundle; includeInIndex = 0; path = "Sliders obj-cUITests.xctest"; sourceTree = BUILT_PRODUCTS_DIR; };
		B6EE788E1D4044E100876C95 /* Sliders_obj_cUITests.m */ = {isa = PBXFileReference; lastKnownFileType = sourcecode.c.objc; path = Sliders_obj_cUITests.m; sourceTree = "<group>"; };
		B6EE78901D4044E100876C95 /* Info.plist */ = {isa = PBXFileReference; lastKnownFileType = text.plist.xml; path = Info.plist; sourceTree = "<group>"; };
/* End PBXFileReference section */

/* Begin PBXFrameworksBuildPhase section */
		B6EE78631D4044E100876C95 /* Frameworks */ = {
			isa = PBXFrameworksBuildPhase;
			buildActionMask = 2147483647;
			files = (
			);
			runOnlyForDeploymentPostprocessing = 0;
		};
		B6EE787C1D4044E100876C95 /* Frameworks */ = {
			isa = PBXFrameworksBuildPhase;
			buildActionMask = 2147483647;
			files = (
			);
			runOnlyForDeploymentPostprocessing = 0;
		};
		B6EE78871D4044E100876C95 /* Frameworks */ = {
			isa = PBXFrameworksBuildPhase;
			buildActionMask = 2147483647;
			files = (
			);
			runOnlyForDeploymentPostprocessing = 0;
		};
/* End PBXFrameworksBuildPhase section */

/* Begin PBXGroup section */
		B6EE785D1D4044E100876C95 = {
			isa = PBXGroup;
			children = (
				B6EE78681D4044E100876C95 /* Sliders obj-c */,
				B6EE78821D4044E100876C95 /* Sliders obj-cTests */,
				B6EE788D1D4044E100876C95 /* Sliders obj-cUITests */,
				B6EE78671D4044E100876C95 /* Products */,
			);
			sourceTree = "<group>";
		};
		B6EE78671D4044E100876C95 /* Products */ = {
			isa = PBXGroup;
			children = (
				B6EE78661D4044E100876C95 /* Sliders obj-c.app */,
				B6EE787F1D4044E100876C95 /* Sliders obj-cTests.xctest */,
				B6EE788A1D4044E100876C95 /* Sliders obj-cUITests.xctest */,
			);
			name = Products;
			sourceTree = "<group>";
		};
		B6EE78681D4044E100876C95 /* Sliders obj-c */ = {
			isa = PBXGroup;
			children = (
				B6EE786C1D4044E100876C95 /* AppDelegate.h */,
				B6EE786D1D4044E100876C95 /* AppDelegate.m */,
				B6EE786F1D4044E100876C95 /* ViewController.h */,
				B6EE78701D4044E100876C95 /* ViewController.m */,
				B6EE78721D4044E100876C95 /* Main.storyboard */,
				B6EE78751D4044E100876C95 /* Assets.xcassets */,
				B6EE78771D4044E100876C95 /* LaunchScreen.storyboard */,
				B6EE787A1D4044E100876C95 /* Info.plist */,
				B6EE78691D4044E100876C95 /* Supporting Files */,
			);
			path = "Sliders obj-c";
			sourceTree = "<group>";
		};
		B6EE78691D4044E100876C95 /* Supporting Files */ = {
			isa = PBXGroup;
			children = (
				B6EE786A1D4044E100876C95 /* main.m */,
			);
			name = "Supporting Files";
			sourceTree = "<group>";
		};
		B6EE78821D4044E100876C95 /* Sliders obj-cTests */ = {
			isa = PBXGroup;
			children = (
				B6EE78831D4044E100876C95 /* Sliders_obj_cTests.m */,
				B6EE78851D4044E100876C95 /* Info.plist */,
			);
			path = "Sliders obj-cTests";
			sourceTree = "<group>";
		};
		B6EE788D1D4044E100876C95 /* Sliders obj-cUITests */ = {
			isa = PBXGroup;
			children = (
				B6EE788E1D4044E100876C95 /* Sliders_obj_cUITests.m */,
				B6EE78901D4044E100876C95 /* Info.plist */,
			);
			path = "Sliders obj-cUITests";
			sourceTree = "<group>";
		};
/* End PBXGroup section */

/* Begin PBXNativeTarget section */
		B6EE78651D4044E100876C95 /* Sliders obj-c */ = {
			isa = PBXNativeTarget;
			buildConfigurationList = B6EE78931D4044E100876C95 /* Build configuration list for PBXNativeTarget "Sliders obj-c" */;
			buildPhases = (
				B6EE78621D4044E100876C95 /* Sources */,
				B6EE78631D4044E100876C95 /* Frameworks */,
				B6EE78641D4044E100876C95 /* Resources */,
			);
			buildRules = (
			);
			dependencies = (
			);
			name = "Sliders obj-c";
			productName = "Sliders obj-c";
			productReference = B6EE78661D4044E100876C95 /* Sliders obj-c.app */;
			productType = "com.apple.product-type.application";
		};
		B6EE787E1D4044E100876C95 /* Sliders obj-cTests */ = {
			isa = PBXNativeTarget;
			buildConfigurationList = B6EE78961D4044E100876C95 /* Build configuration list for PBXNativeTarget "Sliders obj-cTests" */;
			buildPhases = (
				B6EE787B1D4044E100876C95 /* Sources */,
				B6EE787C1D4044E100876C95 /* Frameworks */,
				B6EE787D1D4044E100876C95 /* Resources */,
			);
			buildRules = (
			);
			dependencies = (
				B6EE78811D4044E100876C95 /* PBXTargetDependency */,
			);
			name = "Sliders obj-cTests";
			productName = "Sliders obj-cTests";
			productReference = B6EE787F1D4044E100876C95 /* Sliders obj-cTests.xctest */;
			productType = "com.apple.product-type.bundle.unit-test";
		};
		B6EE78891D4044E100876C95 /* Sliders obj-cUITests */ = {
			isa = PBXNativeTarget;
			buildConfigurationList = B6EE78991D4044E100876C95 /* Build configuration list for PBXNativeTarget "Sliders obj-cUITests" */;
			buildPhases = (
				B6EE78861D4044E100876C95 /* Sources */,
				B6EE78871D4044E100876C95 /* Frameworks */,
				B6EE78881D4044E100876C95 /* Resources */,
			);
			buildRules = (
			);
			dependencies = (
				B6EE788C1D4044E100876C95 /* PBXTargetDependency */,
			);
			name = "Sliders obj-cUITests";
			productName = "Sliders obj-cUITests";
			productReference = B6EE788A1D4044E100876C95 /* Sliders obj-cUITests.xctest */;
			productType = "com.apple.product-type.bundle.ui-testing";
		};
/* End PBXNativeTarget section */

/* Begin PBXProject section */
		B6EE785E1D4044E100876C95 /* Project object */ = {
			isa = PBXProject;
			attributes = {
				LastUpgradeCheck = 0730;
				ORGANIZATIONNAME = "dinesh danda";
				TargetAttributes = {
					B6EE78651D4044E100876C95 = {
						CreatedOnToolsVersion = 7.3.1;
					};
					B6EE787E1D4044E100876C95 = {
						CreatedOnToolsVersion = 7.3.1;
						TestTargetID = B6EE78651D4044E100876C95;
					};
					B6EE78891D4044E100876C95 = {
						CreatedOnToolsVersion = 7.3.1;
						TestTargetID = B6EE78651D4044E100876C95;
					};
				};
			};
			buildConfigurationList = B6EE78611D4044E100876C95 /* Build configuration list for PBXProject "Sliders obj-c" */;
			compatibilityVersion = "Xcode 3.2";
			developmentRegion = English;
			hasScannedForEncodings = 0;
			knownRegions = (
				en,
				Base,
			);
			mainGroup = B6EE785D1D4044E100876C95;
			productRefGroup = B6EE78671D4044E100876C95 /* Products */;
			projectDirPath = "";
			projectRoot = "";
			targets = (
				B6EE78651D4044E100876C95 /* Sliders obj-c */,
				B6EE787E1D4044E100876C95 /* Sliders obj-cTests */,
				B6EE78891D4044E100876C95 /* Sliders obj-cUITests */,
			);
		};
/* End PBXProject section */

/* Begin PBXResourcesBuildPhase section */
		B6EE78641D4044E100876C95 /* Resources */ = {
			isa = PBXResourcesBuildPhase;
			buildActionMask = 2147483647;
			files = (
				B6EE78791D4044E100876C95 /* LaunchScreen.storyboard in Resources */,
				B6EE78761D4044E100876C95 /* Assets.xcassets in Resources */,
				B6EE78741D4044E100876C95 /* Main.storyboard in Resources */,
			);
			runOnlyForDeploymentPostprocessing = 0;
		};
		B6EE787D1D4044E100876C95 /* Resources */ = {
			isa = PBXResourcesBuildPhase;
			buildActionMask = 2147483647;
			files = (
			);
			runOnlyForDeploymentPostprocessing = 0;
		};
		B6EE78881D4044E100876C95 /* Resources */ = {
			isa = PBXResourcesBuildPhase;
			buildActionMask = 2147483647;
			files = (
			);
			runOnlyForDeploymentPostprocessing = 0;
		};
/* End PBXResourcesBuildPhase section */

/* Begin PBXSourcesBuildPhase section */
		B6EE78621D4044E100876C95 /* Sources */ = {
			isa = PBXSourcesBuildPhase;
			buildActionMask = 2147483647;
			files = (
				B6EE78711D4044E100876C95 /* ViewController.m in Sources */,
				B6EE786E1D4044E100876C95 /* AppDelegate.m in Sources */,
				B6EE786B1D4044E100876C95 /* main.m in Sources */,
			);
			runOnlyForDeploymentPostprocessing = 0;
		};
		B6EE787B1D4044E100876C95 /* Sources */ = {
			isa = PBXSourcesBuildPhase;
			buildActionMask = 2147483647;
			files = (
				B6EE78841D4044E100876C95 /* Sliders_obj_cTests.m in Sources */,
			);
			runOnlyForDeploymentPostprocessing = 0;
		};
		B6EE78861D4044E100876C95 /* Sources */ = {
			isa = PBXSourcesBuildPhase;
			buildActionMask = 2147483647;
			files = (
				B6EE788F1D4044E100876C95 /* Sliders_obj_cUITests.m in Sources */,
			);
			runOnlyForDeploymentPostprocessing = 0;
		};
/* End PBXSourcesBuildPhase section */

/* Begin PBXTargetDependency section */
		B6EE78811D4044E100876C95 /* PBXTargetDependency */ = {
			isa = PBXTargetDependency;
			target = B6EE78651D4044E100876C95 /* Sliders obj-c */;
			targetProxy = B6EE78801D4044E100876C95 /* PBXContainerItemProxy */;
		};
		B6EE788C1D4044E100876C95 /* PBXTargetDependency */ = {
			isa = PBXTargetDependency;
			target = B6EE78651D4044E100876C95 /* Sliders obj-c */;
			targetProxy = B6EE788B1D4044E100876C95 /* PBXContainerItemProxy */;
		};
/* End PBXTargetDependency section */

/* Begin PBXVariantGroup section */
		B6EE78721D4044E100876C95 /* Main.storyboard */ = {
			isa = PBXVariantGroup;
			children = (
				B6EE78731D4044E100876C95 /* Base */,
			);
			name = Main.storyboard;
			sourceTree = "<group>";
		};
		B6EE78771D4044E100876C95 /* LaunchScreen.storyboard */ = {
			isa = PBXVariantGroup;
			children = (
				B6EE78781D4044E100876C95 /* Base */,
			);
			name = LaunchScreen.storyboard;
			sourceTree = "<group>";
		};
/* End PBXVariantGroup section */

/* Begin XCBuildConfiguration section */
		B6EE78911D4044E100876C95 /* Debug */ = {
			isa = XCBuildConfiguration;
			buildSettings = {
				ALWAYS_SEARCH_USER_PATHS = NO;
				CLANG_ANALYZER_NONNULL = YES;
				CLANG_CXX_LANGUAGE_STANDARD = "gnu++0x";
				CLANG_CXX_LIBRARY = "libc++";
				CLANG_ENABLE_MODULES = YES;
				CLANG_ENABLE_OBJC_ARC = YES;
				CLANG_WARN_BOOL_CONVERSION = YES;
				CLANG_WARN_CONSTANT_CONVERSION = YES;
				CLANG_WARN_DIRECT_OBJC_ISA_USAGE = YES_ERROR;
				CLANG_WARN_EMPTY_BODY = YES;
				CLANG_WARN_ENUM_CONVERSION = YES;
				CLANG_WARN_INT_CONVERSION = YES;
				CLANG_WARN_OBJC_ROOT_CLASS = YES_ERROR;
				CLANG_WARN_UNREACHABLE_CODE = YES;
				CLANG_WARN__DUPLICATE_METHOD_MATCH = YES;
				"CODE_SIGN_IDENTITY[sdk=iphoneos*]" = "iPhone Developer";
				COPY_PHASE_STRIP = NO;
				DEBUG_INFORMATION_FORMAT = dwarf;
				ENABLE_STRICT_OBJC_MSGSEND = YES;
				ENABLE_TESTABILITY = YES;
				GCC_C_LANGUAGE_STANDARD = gnu99;
				GCC_DYNAMIC_NO_PIC = NO;
				GCC_NO_COMMON_BLOCKS = YES;
				GCC_OPTIMIZATION_LEVEL = 0;
				GCC_PREPROCESSOR_DEFINITIONS = (
					"DEBUG=1",
					"$(inherited)",
				);
				GCC_WARN_64_TO_32_BIT_CONVERSION = YES;
				GCC_WARN_ABOUT_RETURN_TYPE = YES_ERROR;
				GCC_WARN_UNDECLARED_SELECTOR = YES;
				GCC_WARN_UNINITIALIZED_AUTOS = YES_AGGRESSIVE;
				GCC_WARN_UNUSED_FUNCTION = YES;
				GCC_WARN_UNUSED_VARIABLE = YES;
				IPHONEOS_DEPLOYMENT_TARGET = 9.3;
				MTL_ENABLE_DEBUG_INFO = YES;
				ONLY_ACTIVE_ARCH = YES;
				SDKROOT = iphoneos;
				TARGETED_DEVICE_FAMILY = "1,2";
			};
			name = Debug;
		};
		B6EE78921D4044E100876C95 /* Release */ = {
			isa = XCBuildConfiguration;
			buildSettings = {
				ALWAYS_SEARCH_USER_PATHS = NO;
				CLANG_ANALYZER_NONNULL = YES;
				CLANG_CXX_LANGUAGE_STANDARD = "gnu++0x";
				CLANG_CXX_LIBRARY = "libc++";
				CLANG_ENABLE_MODULES = YES;
				CLANG_ENABLE_OBJC_ARC = YES;
				CLANG_WARN_BOOL_CONVERSION = YES;
				CLANG_WARN_CONSTANT_CONVERSION = YES;
				CLANG_WARN_DIRECT_OBJC_ISA_USAGE = YES_ERROR;
				CLANG_WARN_EMPTY_BODY = YES;
				CLANG_WARN_ENUM_CONVERSION = YES;
				CLANG_WARN_INT_CONVERSION = YES;
				CLANG_WARN_OBJC_ROOT_CLASS = YES_ERROR;
				CLANG_WARN_UNREACHABLE_CODE = YES;
				CLANG_WARN__DUPLICATE_METHOD_MATCH = YES;
				"CODE_SIGN_IDENTITY[sdk=iphoneos*]" = "iPhone Developer";
				COPY_PHASE_STRIP = NO;
				DEBUG_INFORMATION_FORMAT = "dwarf-with-dsym";
				ENABLE_NS_ASSERTIONS = NO;
				ENABLE_STRICT_OBJC_MSGSEND = YES;
				GCC_C_LANGUAGE_STANDARD = gnu99;
				GCC_NO_COMMON_BLOCKS = YES;
				GCC_WARN_64_TO_32_BIT_CONVERSION = YES;
				GCC_WARN_ABOUT_RETURN_TYPE = YES_ERROR;
				GCC_WARN_UNDECLARED_SELECTOR = YES;
				GCC_WARN_UNINITIALIZED_AUTOS = YES_AGGRESSIVE;
				GCC_WARN_UNUSED_FUNCTION = YES;
				GCC_WARN_UNUSED_VARIABLE = YES;
				IPHONEOS_DEPLOYMENT_TARGET = 9.3;
				MTL_ENABLE_DEBUG_INFO = NO;
				SDKROOT = iphoneos;
				TARGETED_DEVICE_FAMILY = "1,2";
				VALIDATE_PRODUCT = YES;
			};
			name = Release;
		};
		B6EE78941D4044E100876C95 /* Debug */ = {
			isa = XCBuildConfiguration;
			buildSettings = {
				ASSETCATALOG_COMPILER_APPICON_NAME = AppIcon;
				INFOPLIST_FILE = "Sliders obj-c/Info.plist";
				LD_RUNPATH_SEARCH_PATHS = "$(inherited) @executable_path/Frameworks";
				PRODUCT_BUNDLE_IDENTIFIER = "Danda.Sliders-obj-c";
				PRODUCT_NAME = "$(TARGET_NAME)";
			};
			name = Debug;
		};
		B6EE78951D4044E100876C95 /* Release */ = {
			isa = XCBuildConfiguration;
			buildSettings = {
				ASSETCATALOG_COMPILER_APPICON_NAME = AppIcon;
				INFOPLIST_FILE = "Sliders obj-c/Info.plist";
				LD_RUNPATH_SEARCH_PATHS = "$(inherited) @executable_path/Frameworks";
				PRODUCT_BUNDLE_IDENTIFIER = "Danda.Sliders-obj-c";
				PRODUCT_NAME = "$(TARGET_NAME)";
			};
			name = Release;
		};
		B6EE78971D4044E100876C95 /* Debug */ = {
			isa = XCBuildConfiguration;
			buildSettings = {
				BUNDLE_LOADER = "$(TEST_HOST)";
				INFOPLIST_FILE = "Sliders obj-cTests/Info.plist";
				LD_RUNPATH_SEARCH_PATHS = "$(inherited) @executable_path/Frameworks @loader_path/Frameworks";
				PRODUCT_BUNDLE_IDENTIFIER = "Danda.Sliders-obj-cTests";
				PRODUCT_NAME = "$(TARGET_NAME)";
				TEST_HOST = "$(BUILT_PRODUCTS_DIR)/Sliders obj-c.app/Sliders obj-c";
			};
			name = Debug;
		};
		B6EE78981D4044E100876C95 /* Release */ = {
			isa = XCBuildConfiguration;
			buildSettings = {
				BUNDLE_LOADER = "$(TEST_HOST)";
				INFOPLIST_FILE = "Sliders obj-cTests/Info.plist";
				LD_RUNPATH_SEARCH_PATHS = "$(inherited) @executable_path/Frameworks @loader_path/Frameworks";
				PRODUCT_BUNDLE_IDENTIFIER = "Danda.Sliders-obj-cTests";
				PRODUCT_NAME = "$(TARGET_NAME)";
				TEST_HOST = "$(BUILT_PRODUCTS_DIR)/Sliders obj-c.app/Sliders obj-c";
			};
			name = Release;
		};
		B6EE789A1D4044E100876C95 /* Debug */ = {
			isa = XCBuildConfiguration;
			buildSettings = {
				INFOPLIST_FILE = "Sliders obj-cUITests/Info.plist";
				LD_RUNPATH_SEARCH_PATHS = "$(inherited) @executable_path/Frameworks @loader_path/Frameworks";
				PRODUCT_BUNDLE_IDENTIFIER = "Danda.Sliders-obj-cUITests";
				PRODUCT_NAME = "$(TARGET_NAME)";
				TEST_TARGET_NAME = "Sliders obj-c";
			};
			name = Debug;
		};
		B6EE789B1D4044E100876C95 /* Release */ = {
			isa = XCBuildConfiguration;
			buildSettings = {
				INFOPLIST_FILE = "Sliders obj-cUITests/Info.plist";
				LD_RUNPATH_SEARCH_PATHS = "$(inherited) @executable_path/Frameworks @loader_path/Frameworks";
				PRODUCT_BUNDLE_IDENTIFIER = "Danda.Sliders-obj-cUITests";
				PRODUCT_NAME = "$(TARGET_NAME)";
				TEST_TARGET_NAME = "Sliders obj-c";
			};
			name = Release;
		};
/* End XCBuildConfiguration section */

/* Begin XCConfigurationList section */
		B6EE78611D4044E100876C95 /* Build configuration list for PBXProject "Sliders obj-c" */ = {
			isa = XCConfigurationList;
			buildConfigurations = (
				B6EE78911D4044E100876C95 /* Debug */,
				B6EE78921D4044E100876C95 /* Release */,
			);
			defaultConfigurationIsVisible = 0;
			defaultConfigurationName = Release;
		};
		B6EE78931D4044E100876C95 /* Build configuration list for PBXNativeTarget "Sliders obj-c" */ = {
			isa = XCConfigurationList;
			buildConfigurations = (
				B6EE78941D4044E100876C95 /* Debug */,
				B6EE78951D4044E100876C95 /* Release */,
			);
			defaultConfigurationIsVisible = 0;
		};
		B6EE78961D4044E100876C95 /* Build configuration list for PBXNativeTarget "Sliders obj-cTests" */ = {
			isa = XCConfigurationList;
			buildConfigurations = (
				B6EE78971D4044E100876C95 /* Debug */,
				B6EE78981D4044E100876C95 /* Release */,
			);
			defaultConfigurationIsVisible = 0;
		};
		B6EE78991D4044E100876C95 /* Build configuration list for PBXNativeTarget "Sliders obj-cUITests" */ = {
			isa = XCConfigurationList;
			buildConfigurations = (
				B6EE789A1D4044E100876C95 /* Debug */,
				B6EE789B1D4044E100876C95 /* Release */,
			);
			defaultConfigurationIsVisible = 0;
		};
/* End XCConfigurationList section */
	};
	rootObject = B6EE785E1D4044E100876C95 /* Project object */;
}
